
Microsoft Visual Studio Solution File, Format Version 12.00
# Visual Studio Version 17
VisualStudioVersion = 17.7.34221.43
MinimumVisualStudioVersion = 10.0.40219.1
Project("{888888A0-9F3D-457C-B088-3A5042F75D52}") = "Lesson 14. Task 1", "Lesson 14. Task 1\Lesson 14. Task 1.pyproj", "{38F10DDA-5CF7-477A-9FDC-6B14F03BA4FD}"
EndProject
Global
	GlobalSection(SolutionConfigurationPlatforms) = preSolution
		Debug|Any CPU = Debug|Any CPU
		Release|Any CPU = Release|Any CPU
	EndGlobalSection
	GlobalSection(ProjectConfigurationPlatforms) = postSolution
		{38F10DDA-5CF7-477A-9FDC-6B14F03BA4FD}.Debug|Any CPU.ActiveCfg = Debug|Any CPU
		{38F10DDA-5CF7-477A-9FDC-6B14F03BA4FD}.Release|Any CPU.ActiveCfg = Release|Any CPU
	EndGlobalSection
	GlobalSection(SolutionProperties) = preSolution
		HideSolutionNode = FALSE
	EndGlobalSection
	GlobalSection(ExtensibilityGlobals) = postSolution
		SolutionGuid = {28686C1E-4ECF-4A6E-B5C2-AFDBFDDB8570}
	EndGlobalSection
EndGlobal
